
Microsoft Visual Studio Solution File, Format Version 12.00
# Visual Studio Version 17
VisualStudioVersion = 17.3.32929.385
MinimumVisualStudioVersion = 10.0.40219.1
Project("{FAE04EC0-301F-11D3-BF4B-00C04F79EFBC}") = "UC2", "UC2\UC2.csproj", "{79FDB586-C495-4855-8133-B6F17105D2DF}"
EndProject
Global
	GlobalSection(SolutionConfigurationPlatforms) = preSolution
		Debug|Any CPU = Debug|Any CPU
		Release|Any CPU = Release|Any CPU
	EndGlobalSection
	GlobalSection(ProjectConfigurationPlatforms) = postSolution
		{79FDB586-C495-4855-8133-B6F17105D2DF}.Debug|Any CPU.ActiveCfg = Debug|Any CPU
		{79FDB586-C495-4855-8133-B6F17105D2DF}.Debug|Any CPU.Build.0 = Debug|Any CPU
		{79FDB586-C495-4855-8133-B6F17105D2DF}.Release|Any CPU.ActiveCfg = Release|Any CPU
		{79FDB586-C495-4855-8133-B6F17105D2DF}.Release|Any CPU.Build.0 = Release|Any CPU
	EndGlobalSection
	GlobalSection(SolutionProperties) = preSolution
		HideSolutionNode = FALSE
	EndGlobalSection
	GlobalSection(ExtensibilityGlobals) = postSolution
		SolutionGuid = {41B37345-D571-4D19-82D2-5217D51BD225}
	EndGlobalSection
EndGlobal
