
Microsoft Visual Studio Solution File, Format Version 12.00
# Visual Studio Version 17
VisualStudioVersion = 17.3.32929.385
MinimumVisualStudioVersion = 10.0.40219.1
Project("{FAE04EC0-301F-11D3-BF4B-00C04F79EFBC}") = "project7", "project7\project7.csproj", "{CAC58367-E617-48C4-A9F4-0A04B32B31E7}"
EndProject
Global
	GlobalSection(SolutionConfigurationPlatforms) = preSolution
		Debug|Any CPU = Debug|Any CPU
		Release|Any CPU = Release|Any CPU
	EndGlobalSection
	GlobalSection(ProjectConfigurationPlatforms) = postSolution
		{CAC58367-E617-48C4-A9F4-0A04B32B31E7}.Debug|Any CPU.ActiveCfg = Debug|Any CPU
		{CAC58367-E617-48C4-A9F4-0A04B32B31E7}.Debug|Any CPU.Build.0 = Debug|Any CPU
		{CAC58367-E617-48C4-A9F4-0A04B32B31E7}.Release|Any CPU.ActiveCfg = Release|Any CPU
		{CAC58367-E617-48C4-A9F4-0A04B32B31E7}.Release|Any CPU.Build.0 = Release|Any CPU
	EndGlobalSection
	GlobalSection(SolutionProperties) = preSolution
		HideSolutionNode = FALSE
	EndGlobalSection
	GlobalSection(ExtensibilityGlobals) = postSolution
		SolutionGuid = {BAE17FB1-84A0-41A1-9ECE-4B396F177270}
	EndGlobalSection
EndGlobal
